
Microsoft Visual Studio Solution File, Format Version 12.00
# Visual Studio Version 17
VisualStudioVersion = 17.13.35931.197 d17.13
MinimumVisualStudioVersion = 10.0.40219.1
Project("{FAE04EC0-301F-11D3-BF4B-00C04F79EFBC}") = "SyntaxWinApp01", "SyntaxWinApp01\SyntaxWinApp01.csproj", "{226B7B6D-F76F-4FB2-97A5-0F135830749E}"
EndProject
Project("{FAE04EC0-301F-11D3-BF4B-00C04F79EFBC}") = "SyntaxWinApp02", "SyntaxWinApp02\SyntaxWinApp02.csproj", "{7BEA4F51-221F-4F0A-9F4A-2422746427C6}"
EndProject
Global
	GlobalSection(SolutionConfigurationPlatforms) = preSolution
		Debug|Any CPU = Debug|Any CPU
		Release|Any CPU = Release|Any CPU
	EndGlobalSection
	GlobalSection(ProjectConfigurationPlatforms) = postSolution
		{226B7B6D-F76F-4FB2-97A5-0F135830749E}.Debug|Any CPU.ActiveCfg = Debug|Any CPU
		{226B7B6D-F76F-4FB2-97A5-0F135830749E}.Debug|Any CPU.Build.0 = Debug|Any CPU
		{226B7B6D-F76F-4FB2-97A5-0F135830749E}.Release|Any CPU.ActiveCfg = Release|Any CPU
		{226B7B6D-F76F-4FB2-97A5-0F135830749E}.Release|Any CPU.Build.0 = Release|Any CPU
		{7BEA4F51-221F-4F0A-9F4A-2422746427C6}.Debug|Any CPU.ActiveCfg = Debug|Any CPU
		{7BEA4F51-221F-4F0A-9F4A-2422746427C6}.Debug|Any CPU.Build.0 = Debug|Any CPU
		{7BEA4F51-221F-4F0A-9F4A-2422746427C6}.Release|Any CPU.ActiveCfg = Release|Any CPU
		{7BEA4F51-221F-4F0A-9F4A-2422746427C6}.Release|Any CPU.Build.0 = Release|Any CPU
	EndGlobalSection
	GlobalSection(SolutionProperties) = preSolution
		HideSolutionNode = FALSE
	EndGlobalSection
	GlobalSection(ExtensibilityGlobals) = postSolution
		SolutionGuid = {E693D991-4A10-4C88-9419-F63125FCAA4B}
	EndGlobalSection
EndGlobal
