
Microsoft Visual Studio Solution File, Format Version 12.00
# Visual Studio Version 17
VisualStudioVersion = 17.13.35931.197 d17.13
MinimumVisualStudioVersion = 10.0.40219.1
Project("{FAE04EC0-301F-11D3-BF4B-00C04F79EFBC}") = "SyntaxWinApp01", "SyntaxWinApp01\SyntaxWinApp01.csproj", "{74B4831B-F3BC-4FD0-953B-DE146576A212}"
EndProject
Project("{FAE04EC0-301F-11D3-BF4B-00C04F79EFBC}") = "SyntaxWinApp02", "SyntaxWinApp02\SyntaxWinApp02.csproj", "{35267D1B-D8CE-432B-B6A8-51EFEB1CE000}"
EndProject
Project("{FAE04EC0-301F-11D3-BF4B-00C04F79EFBC}") = "SyntaxWinApp03", "SyntaxWinApp03\SyntaxWinApp03.csproj", "{478E9CF4-17AE-4750-8A67-EF7BB2F9BDFD}"
EndProject
Global
	GlobalSection(SolutionConfigurationPlatforms) = preSolution
		Debug|Any CPU = Debug|Any CPU
		Release|Any CPU = Release|Any CPU
	EndGlobalSection
	GlobalSection(ProjectConfigurationPlatforms) = postSolution
		{74B4831B-F3BC-4FD0-953B-DE146576A212}.Debug|Any CPU.ActiveCfg = Debug|Any CPU
		{74B4831B-F3BC-4FD0-953B-DE146576A212}.Debug|Any CPU.Build.0 = Debug|Any CPU
		{74B4831B-F3BC-4FD0-953B-DE146576A212}.Release|Any CPU.ActiveCfg = Release|Any CPU
		{74B4831B-F3BC-4FD0-953B-DE146576A212}.Release|Any CPU.Build.0 = Release|Any CPU
		{35267D1B-D8CE-432B-B6A8-51EFEB1CE000}.Debug|Any CPU.ActiveCfg = Debug|Any CPU
		{35267D1B-D8CE-432B-B6A8-51EFEB1CE000}.Debug|Any CPU.Build.0 = Debug|Any CPU
		{35267D1B-D8CE-432B-B6A8-51EFEB1CE000}.Release|Any CPU.ActiveCfg = Release|Any CPU
		{35267D1B-D8CE-432B-B6A8-51EFEB1CE000}.Release|Any CPU.Build.0 = Release|Any CPU
		{478E9CF4-17AE-4750-8A67-EF7BB2F9BDFD}.Debug|Any CPU.ActiveCfg = Debug|Any CPU
		{478E9CF4-17AE-4750-8A67-EF7BB2F9BDFD}.Debug|Any CPU.Build.0 = Debug|Any CPU
		{478E9CF4-17AE-4750-8A67-EF7BB2F9BDFD}.Release|Any CPU.ActiveCfg = Release|Any CPU
		{478E9CF4-17AE-4750-8A67-EF7BB2F9BDFD}.Release|Any CPU.Build.0 = Release|Any CPU
	EndGlobalSection
	GlobalSection(SolutionProperties) = preSolution
		HideSolutionNode = FALSE
	EndGlobalSection
	GlobalSection(ExtensibilityGlobals) = postSolution
		SolutionGuid = {F7CB4E97-8E54-4511-9E1C-80038FA6AEE8}
	EndGlobalSection
EndGlobal
